
Microsoft Visual Studio Solution File, Format Version 12.00
# Visual Studio Version 17
VisualStudioVersion = 17.13.35818.85 d17.13
MinimumVisualStudioVersion = 10.0.40219.1
Project("{2150E333-8FDC-42A3-9474-1A3956D46DE8}") = "src", "src", "{02EA681E-C7D8-13C7-8484-4AC65E1B71E8}"
EndProject
Project("{FAE04EC0-301F-11D3-BF4B-00C04F79EFBC}") = "LearnLab.API", "LearnLab.API\LearnLab.API.csproj", "{553CDAE5-FC30-4C1C-8A19-65984B0DF353}"
EndProject
Project("{FAE04EC0-301F-11D3-BF4B-00C04F79EFBC}") = "LearnLab.BL", "LearnLab.BL\LearnLab.BL.csproj", "{5CE9E4FF-6CCF-4841-A143-064508F44C0E}"
EndProject
Project("{FAE04EC0-301F-11D3-BF4B-00C04F79EFBC}") = "LearnLab.Core", "LearnLab.Core\LearnLab.Core.csproj", "{CCCA5E90-A95A-4EB8-BCC9-285CA4979778}"
EndProject
Project("{FAE04EC0-301F-11D3-BF4B-00C04F79EFBC}") = "LearnLab.Identity", "LearnLab.Identity\LearnLab.Identity.csproj", "{82C3D920-9694-4E5A-9638-4E49F72C1BEB}"
EndProject
Project("{FAE04EC0-301F-11D3-BF4B-00C04F79EFBC}") = "LearnLab.Infrastructure", "LearnLab.Infrastructure\LearnLab.Infrastructure.csproj", "{039DACDC-3373-4332-991B-7564B3EA201E}"
EndProject
Project("{FAE04EC0-301F-11D3-BF4B-00C04F79EFBC}") = "LearnLab.Persistence", "LearnLab.Persistence\LearnLab.Persistence.csproj", "{AFE4DF34-5F27-49ED-BA35-99A112A0EA48}"
EndProject
Global
	GlobalSection(SolutionConfigurationPlatforms) = preSolution
		Debug|Any CPU = Debug|Any CPU
		Release|Any CPU = Release|Any CPU
	EndGlobalSection
	GlobalSection(ProjectConfigurationPlatforms) = postSolution
		{553CDAE5-FC30-4C1C-8A19-65984B0DF353}.Debug|Any CPU.ActiveCfg = Debug|Any CPU
		{553CDAE5-FC30-4C1C-8A19-65984B0DF353}.Debug|Any CPU.Build.0 = Debug|Any CPU
		{553CDAE5-FC30-4C1C-8A19-65984B0DF353}.Release|Any CPU.ActiveCfg = Release|Any CPU
		{553CDAE5-FC30-4C1C-8A19-65984B0DF353}.Release|Any CPU.Build.0 = Release|Any CPU
		{5CE9E4FF-6CCF-4841-A143-064508F44C0E}.Debug|Any CPU.ActiveCfg = Debug|Any CPU
		{5CE9E4FF-6CCF-4841-A143-064508F44C0E}.Debug|Any CPU.Build.0 = Debug|Any CPU
		{5CE9E4FF-6CCF-4841-A143-064508F44C0E}.Release|Any CPU.ActiveCfg = Release|Any CPU
		{5CE9E4FF-6CCF-4841-A143-064508F44C0E}.Release|Any CPU.Build.0 = Release|Any CPU
		{CCCA5E90-A95A-4EB8-BCC9-285CA4979778}.Debug|Any CPU.ActiveCfg = Debug|Any CPU
		{CCCA5E90-A95A-4EB8-BCC9-285CA4979778}.Debug|Any CPU.Build.0 = Debug|Any CPU
		{CCCA5E90-A95A-4EB8-BCC9-285CA4979778}.Release|Any CPU.ActiveCfg = Release|Any CPU
		{CCCA5E90-A95A-4EB8-BCC9-285CA4979778}.Release|Any CPU.Build.0 = Release|Any CPU
		{82C3D920-9694-4E5A-9638-4E49F72C1BEB}.Debug|Any CPU.ActiveCfg = Debug|Any CPU
		{82C3D920-9694-4E5A-9638-4E49F72C1BEB}.Debug|Any CPU.Build.0 = Debug|Any CPU
		{82C3D920-9694-4E5A-9638-4E49F72C1BEB}.Release|Any CPU.ActiveCfg = Release|Any CPU
		{82C3D920-9694-4E5A-9638-4E49F72C1BEB}.Release|Any CPU.Build.0 = Release|Any CPU
		{039DACDC-3373-4332-991B-7564B3EA201E}.Debug|Any CPU.ActiveCfg = Debug|Any CPU
		{039DACDC-3373-4332-991B-7564B3EA201E}.Debug|Any CPU.Build.0 = Debug|Any CPU
		{039DACDC-3373-4332-991B-7564B3EA201E}.Release|Any CPU.ActiveCfg = Release|Any CPU
		{039DACDC-3373-4332-991B-7564B3EA201E}.Release|Any CPU.Build.0 = Release|Any CPU
		{AFE4DF34-5F27-49ED-BA35-99A112A0EA48}.Debug|Any CPU.ActiveCfg = Debug|Any CPU
		{AFE4DF34-5F27-49ED-BA35-99A112A0EA48}.Debug|Any CPU.Build.0 = Debug|Any CPU
		{AFE4DF34-5F27-49ED-BA35-99A112A0EA48}.Release|Any CPU.ActiveCfg = Release|Any CPU
		{AFE4DF34-5F27-49ED-BA35-99A112A0EA48}.Release|Any CPU.Build.0 = Release|Any CPU
	EndGlobalSection
	GlobalSection(SolutionProperties) = preSolution
		HideSolutionNode = FALSE
	EndGlobalSection
	GlobalSection(NestedProjects) = preSolution
		{553CDAE5-FC30-4C1C-8A19-65984B0DF353} = {02EA681E-C7D8-13C7-8484-4AC65E1B71E8}
		{5CE9E4FF-6CCF-4841-A143-064508F44C0E} = {02EA681E-C7D8-13C7-8484-4AC65E1B71E8}
		{CCCA5E90-A95A-4EB8-BCC9-285CA4979778} = {02EA681E-C7D8-13C7-8484-4AC65E1B71E8}
		{82C3D920-9694-4E5A-9638-4E49F72C1BEB} = {02EA681E-C7D8-13C7-8484-4AC65E1B71E8}
		{039DACDC-3373-4332-991B-7564B3EA201E} = {02EA681E-C7D8-13C7-8484-4AC65E1B71E8}
		{AFE4DF34-5F27-49ED-BA35-99A112A0EA48} = {02EA681E-C7D8-13C7-8484-4AC65E1B71E8}
	EndGlobalSection
	GlobalSection(ExtensibilityGlobals) = postSolution
		SolutionGuid = {1448AB57-00A9-4C79-B6DC-5644B32919FC}
	EndGlobalSection
EndGlobal
